{
  "name": "ElectronicJournal",
  "lockfileVersion": 3,
  "requires": true,
  "packages": {
    "": {
      "dependencies": {
        "content-disposition": "^2.0.1"
      }
    },
    "node_modules/content-disposition": {
      "version": "2.0.1",
      "resolved": "https://registry.npmjs.org/content-disposition/-/content-disposition-2.0.1.tgz",
      "integrity": "sha512-e+H0ZXHSWYrENhQzw1LPuP4oF5MzVKmDU6d3hxlvaPEYLLg62MxtQNPRx4SYSuYJSBUgnQIG4HIN2tEtNv7Dog==",
      "license": "MIT",
      "engines": {
        "node": ">=18"
      },
      "funding": {
        "type": "opencollective",
        "url": "https://opencollective.com/express"
      }
    }
  }
}
